
Microsoft Visual Studio Solution File, Format Version 12.00
# Visual Studio Version 16
VisualStudioVersion = 16.0.29424.173
MinimumVisualStudioVersion = 10.0.40219.1
Project("{FAE04EC0-301F-11D3-BF4B-00C04F79EFBC}") = "Tietokannat vaihe1", "Tietokannat vaihe1\Tietokannat vaihe1.csproj", "{059C1A2E-1A47-4B78-88CC-A9C4E957A0D1}"
EndProject
Global
	GlobalSection(SolutionConfigurationPlatforms) = preSolution
		Debug|Any CPU = Debug|Any CPU
		Release|Any CPU = Release|Any CPU
	EndGlobalSection
	GlobalSection(ProjectConfigurationPlatforms) = postSolution
		{059C1A2E-1A47-4B78-88CC-A9C4E957A0D1}.Debug|Any CPU.ActiveCfg = Debug|Any CPU
		{059C1A2E-1A47-4B78-88CC-A9C4E957A0D1}.Debug|Any CPU.Build.0 = Debug|Any CPU
		{059C1A2E-1A47-4B78-88CC-A9C4E957A0D1}.Release|Any CPU.ActiveCfg = Release|Any CPU
		{059C1A2E-1A47-4B78-88CC-A9C4E957A0D1}.Release|Any CPU.Build.0 = Release|Any CPU
	EndGlobalSection
	GlobalSection(SolutionProperties) = preSolution
		HideSolutionNode = FALSE
	EndGlobalSection
	GlobalSection(ExtensibilityGlobals) = postSolution
		SolutionGuid = {0136B934-25BD-4FF6-BCAD-2FB71E33D200}
	EndGlobalSection
EndGlobal
